
Microsoft Visual Studio Solution File, Format Version 12.00
# Visual Studio Version 17
VisualStudioVersion = 17.4.33205.214
MinimumVisualStudioVersion = 10.0.40219.1
Project("{FAE04EC0-301F-11D3-BF4B-00C04F79EFBC}") = "TypeQuadrangleApp", "TypeQuadrangleApp\TypeQuadrangleApp.csproj", "{C900B219-695D-4144-9AB8-E195712240BF}"
EndProject
Project("{FAE04EC0-301F-11D3-BF4B-00C04F79EFBC}") = "TestQuadrangleTypeApp", "TestQuadrangleTypeApp\TestQuadrangleTypeApp.csproj", "{1C3ADE6F-D4B1-4908-BD1E-3F7933C7C5A9}"
EndProject
Global
	GlobalSection(SolutionConfigurationPlatforms) = preSolution
		Debug|Any CPU = Debug|Any CPU
		Release|Any CPU = Release|Any CPU
	EndGlobalSection
	GlobalSection(ProjectConfigurationPlatforms) = postSolution
		{C900B219-695D-4144-9AB8-E195712240BF}.Debug|Any CPU.ActiveCfg = Debug|Any CPU
		{C900B219-695D-4144-9AB8-E195712240BF}.Debug|Any CPU.Build.0 = Debug|Any CPU
		{C900B219-695D-4144-9AB8-E195712240BF}.Release|Any CPU.ActiveCfg = Release|Any CPU
		{C900B219-695D-4144-9AB8-E195712240BF}.Release|Any CPU.Build.0 = Release|Any CPU
		{1C3ADE6F-D4B1-4908-BD1E-3F7933C7C5A9}.Debug|Any CPU.ActiveCfg = Debug|Any CPU
		{1C3ADE6F-D4B1-4908-BD1E-3F7933C7C5A9}.Debug|Any CPU.Build.0 = Debug|Any CPU
		{1C3ADE6F-D4B1-4908-BD1E-3F7933C7C5A9}.Release|Any CPU.ActiveCfg = Release|Any CPU
		{1C3ADE6F-D4B1-4908-BD1E-3F7933C7C5A9}.Release|Any CPU.Build.0 = Release|Any CPU
	EndGlobalSection
	GlobalSection(SolutionProperties) = preSolution
		HideSolutionNode = FALSE
	EndGlobalSection
	GlobalSection(ExtensibilityGlobals) = postSolution
		SolutionGuid = {2B67F4BC-1B10-492F-AE08-C5F77B7890CD}
	EndGlobalSection
EndGlobal
